
Microsoft Visual Studio Solution File, Format Version 12.00
# Visual Studio 15
VisualStudioVersion = 15.0.27428.2043
MinimumVisualStudioVersion = 10.0.40219.1
Project("{FAE04EC0-301F-11D3-BF4B-00C04F79EFBC}") = "WpfApp1", "WpfApp1\WpfApp1.csproj", "{184911FE-FABC-454A-A56D-011D1BB40A76}"
EndProject
Global
	GlobalSection(SolutionConfigurationPlatforms) = preSolution
		Debug|Any CPU = Debug|Any CPU
		Release|Any CPU = Release|Any CPU
	EndGlobalSection
	GlobalSection(ProjectConfigurationPlatforms) = postSolution
		{184911FE-FABC-454A-A56D-011D1BB40A76}.Debug|Any CPU.ActiveCfg = Debug|Any CPU
		{184911FE-FABC-454A-A56D-011D1BB40A76}.Debug|Any CPU.Build.0 = Debug|Any CPU
		{184911FE-FABC-454A-A56D-011D1BB40A76}.Release|Any CPU.ActiveCfg = Release|Any CPU
		{184911FE-FABC-454A-A56D-011D1BB40A76}.Release|Any CPU.Build.0 = Release|Any CPU
	EndGlobalSection
	GlobalSection(SolutionProperties) = preSolution
		HideSolutionNode = FALSE
	EndGlobalSection
	GlobalSection(ExtensibilityGlobals) = postSolution
		SolutionGuid = {5C8C25B4-1603-4A58-8105-781B9855D04F}
	EndGlobalSection
EndGlobal
